// !$*UTF8*$!
{
	archiveVersion = 1;
	classes = {
	};
	objectVersion = 46;
	objects = {

/* Begin PBXBuildFile section */
		BB3BD63F1C2A71AB00CE88A6 /* GravityViewController.swift in Sources */ = {isa = PBXBuildFile; fileRef = BB3BD63E1C2A71AB00CE88A6 /* GravityViewController.swift */; };
		BB3BD6411C2A75AE00CE88A6 /* CollisionGravityViewController.swift in Sources */ = {isa = PBXBuildFile; fileRef = BB3BD6401C2A75AE00CE88A6 /* CollisionGravityViewController.swift */; };
		BB3BD6431C2A79CE00CE88A6 /* AttachmentViewController.swift in Sources */ = {isa = PBXBuildFile; fileRef = BB3BD6421C2A79CE00CE88A6 /* AttachmentViewController.swift */; };
		BB3BD6451C2B94EC00CE88A6 /* CollisionGravitySpringViewController.swift in Sources */ = {isa = PBXBuildFile; fileRef = BB3BD6441C2B94EC00CE88A6 /* CollisionGravitySpringViewController.swift */; };
		BBE20F291BF02B5300880420 /* AppDelegate.swift in Sources */ = {isa = PBXBuildFile; fileRef = BBE20F281BF02B5300880420 /* AppDelegate.swift */; };
		BBE20F2B1BF02B5300880420 /* ViewController.swift in Sources */ = {isa = PBXBuildFile; fileRef = BBE20F2A1BF02B5300880420 /* ViewController.swift */; };
		BBE20F2E1BF02B5300880420 /* Main.storyboard in Resources */ = {isa = PBXBuildFile; fileRef = BBE20F2C1BF02B5300880420 /* Main.storyboard */; };
		BBE20F301BF02B5300880420 /* Assets.xcassets in Resources */ = {isa = PBXBuildFile; fileRef = BBE20F2F1BF02B5300880420 /* Assets.xcassets */; };
		BBE20F331BF02B5300880420 /* LaunchScreen.storyboard in Resources */ = {isa = PBXBuildFile; fileRef = BBE20F311BF02B5300880420 /* LaunchScreen.storyboard */; };
/* End PBXBuildFile section */

/* Begin PBXFileReference section */
		BB3BD63E1C2A71AB00CE88A6 /* GravityViewController.swift */ = {isa = PBXFileReference; fileEncoding = 4; lastKnownFileType = sourcecode.swift; path = GravityViewController.swift; sourceTree = "<group>"; };
		BB3BD6401C2A75AE00CE88A6 /* CollisionGravityViewController.swift */ = {isa = PBXFileReference; fileEncoding = 4; lastKnownFileType = sourcecode.swift; path = CollisionGravityViewController.swift; sourceTree = "<group>"; };
		BB3BD6421C2A79CE00CE88A6 /* AttachmentViewController.swift */ = {isa = PBXFileReference; fileEncoding = 4; lastKnownFileType = sourcecode.swift; path = AttachmentViewController.swift; sourceTree = "<group>"; };
		BB3BD6441C2B94EC00CE88A6 /* CollisionGravitySpringViewController.swift */ = {isa = PBXFileReference; fileEncoding = 4; lastKnownFileType = sourcecode.swift; path = CollisionGravitySpringViewController.swift; sourceTree = "<group>"; };
		BBE20F251BF02B5300880420 /* DynamicAnimator.app */ = {isa = PBXFileReference; explicitFileType = wrapper.application; includeInIndex = 0; path = DynamicAnimator.app; sourceTree = BUILT_PRODUCTS_DIR; };
		BBE20F281BF02B5300880420 /* AppDelegate.swift */ = {isa = PBXFileReference; lastKnownFileType = sourcecode.swift; path = AppDelegate.swift; sourceTree = "<group>"; };
		BBE20F2A1BF02B5300880420 /* ViewController.swift */ = {isa = PBXFileReference; lastKnownFileType = sourcecode.swift; path = ViewController.swift; sourceTree = "<group>"; };
		BBE20F2D1BF02B5300880420 /* Base */ = {isa = PBXFileReference; lastKnownFileType = file.storyboard; name = Base; path = Base.lproj/Main.storyboard; sourceTree = "<group>"; };
		BBE20F2F1BF02B5300880420 /* Assets.xcassets */ = {isa = PBXFileReference; lastKnownFileType = folder.assetcatalog; path = Assets.xcassets; sourceTree = "<group>"; };
		BBE20F321BF02B5300880420 /* Base */ = {isa = PBXFileReference; lastKnownFileType = file.storyboard; name = Base; path = Base.lproj/LaunchScreen.storyboard; sourceTree = "<group>"; };
		BBE20F341BF02B5300880420 /* Info.plist */ = {isa = PBXFileReference; lastKnownFileType = text.plist.xml; path = Info.plist; sourceTree = "<group>"; };
/* End PBXFileReference section */

/* Begin PBXFrameworksBuildPhase section */
		BBE20F221BF02B5300880420 /* Frameworks */ = {
			isa = PBXFrameworksBuildPhase;
			buildActionMask = 2147483647;
			files = (
			);
			runOnlyForDeploymentPostprocessing = 0;
		};
/* End PBXFrameworksBuildPhase section */

/* Begin PBXGroup section */
		BBE20F1C1BF02B5300880420 = {
			isa = PBXGroup;
			children = (
				BBE20F271BF02B5300880420 /* DynamicAnimator */,
				BBE20F261BF02B5300880420 /* Products */,
			);
			sourceTree = "<group>";
		};
		BBE20F261BF02B5300880420 /* Products */ = {
			isa = PBXGroup;
			children = (
				BBE20F251BF02B5300880420 /* DynamicAnimator.app */,
			);
			name = Products;
			sourceTree = "<group>";
		};
		BBE20F271BF02B5300880420 /* DynamicAnimator */ = {
			isa = PBXGroup;
			children = (
				BBE20F281BF02B5300880420 /* AppDelegate.swift */,
				BBE20F2A1BF02B5300880420 /* ViewController.swift */,
				BB3BD63E1C2A71AB00CE88A6 /* GravityViewController.swift */,
				BB3BD6401C2A75AE00CE88A6 /* CollisionGravityViewController.swift */,
				BB3BD6421C2A79CE00CE88A6 /* AttachmentViewController.swift */,
				BB3BD6441C2B94EC00CE88A6 /* CollisionGravitySpringViewController.swift */,
				BBE20F2C1BF02B5300880420 /* Main.storyboard */,
				BBE20F2F1BF02B5300880420 /* Assets.xcassets */,
				BBE20F311BF02B5300880420 /* LaunchScreen.storyboard */,
				BBE20F341BF02B5300880420 /* Info.plist */,
			);
			path = DynamicAnimator;
			sourceTree = "<group>";
		};
/* End PBXGroup section */

/* Begin PBXNativeTarget section */
		BBE20F241BF02B5300880420 /* DynamicAnimator */ = {
			isa = PBXNativeTarget;
			buildConfigurationList = BBE20F371BF02B5300880420 /* Build configuration list for PBXNativeTarget "DynamicAnimator" */;
			buildPhases = (
				BBE20F211BF02B5300880420 /* Sources */,
				BBE20F221BF02B5300880420 /* Frameworks */,
				BBE20F231BF02B5300880420 /* Resources */,
			);
			buildRules = (
			);
			dependencies = (
			);
			name = DynamicAnimator;
			productName = DynamicAnimator;
			productReference = BBE20F251BF02B5300880420 /* DynamicAnimator.app */;
			productType = "com.apple.product-type.application";
		};
/* End PBXNativeTarget section */

/* Begin PBXProject section */
		BBE20F1D1BF02B5300880420 /* Project object */ = {
			isa = PBXProject;
			attributes = {
				LastSwiftUpdateCheck = 0710;
				LastUpgradeCheck = 0710;
				ORGANIZATIONNAME = VictorChee;
				TargetAttributes = {
					BBE20F241BF02B5300880420 = {
						CreatedOnToolsVersion = 7.1;
					};
				};
			};
			buildConfigurationList = BBE20F201BF02B5300880420 /* Build configuration list for PBXProject "DynamicAnimator" */;
			compatibilityVersion = "Xcode 3.2";
			developmentRegion = English;
			hasScannedForEncodings = 0;
			knownRegions = (
				en,
				Base,
			);
			mainGroup = BBE20F1C1BF02B5300880420;
			productRefGroup = BBE20F261BF02B5300880420 /* Products */;
			projectDirPath = "";
			projectRoot = "";
			targets = (
				BBE20F241BF02B5300880420 /* DynamicAnimator */,
			);
		};
/* End PBXProject section */

/* Begin PBXResourcesBuildPhase section */
		BBE20F231BF02B5300880420 /* Resources */ = {
			isa = PBXResourcesBuildPhase;
			buildActionMask = 2147483647;
			files = (
				BBE20F331BF02B5300880420 /* LaunchScreen.storyboard in Resources */,
				BBE20F301BF02B5300880420 /* Assets.xcassets in Resources */,
				BBE20F2E1BF02B5300880420 /* Main.storyboard in Resources */,
			);
			runOnlyForDeploymentPostprocessing = 0;
		};
/* End PBXResourcesBuildPhase section */

/* Begin PBXSourcesBuildPhase section */
		BBE20F211BF02B5300880420 /* Sources */ = {
			isa = PBXSourcesBuildPhase;
			buildActionMask = 2147483647;
			files = (
				BB3BD6431C2A79CE00CE88A6 /* AttachmentViewController.swift in Sources */,
				BB3BD6411C2A75AE00CE88A6 /* CollisionGravityViewController.swift in Sources */,
				BBE20F2B1BF02B5300880420 /* ViewController.swift in Sources */,
				BBE20F291BF02B5300880420 /* AppDelegate.swift in Sources */,
				BB3BD63F1C2A71AB00CE88A6 /* GravityViewController.swift in Sources */,
				BB3BD6451C2B94EC00CE88A6 /* CollisionGravitySpringViewController.swift in Sources */,
			);
			runOnlyForDeploymentPostprocessing = 0;
		};
/* End PBXSourcesBuildPhase section */

/* Begin PBXVariantGroup section */
		BBE20F2C1BF02B5300880420 /* Main.storyboard */ = {
			isa = PBXVariantGroup;
			children = (
				BBE20F2D1BF02B5300880420 /* Base */,
			);
			name = Main.storyboard;
			sourceTree = "<group>";
		};
		BBE20F311BF02B5300880420 /* LaunchScreen.storyboard */ = {
			isa = PBXVariantGroup;
			children = (
				BBE20F321BF02B5300880420 /* Base */,
			);
			name = LaunchScreen.storyboard;
			sourceTree = "<group>";
		};
/* End PBXVariantGroup section */

/* Begin XCBuildConfiguration section */
		BBE20F351BF02B5300880420 /* Debug */ = {
			isa = XCBuildConfiguration;
			buildSettings = {
				ALWAYS_SEARCH_USER_PATHS = NO;
				CLANG_CXX_LANGUAGE_STANDARD = "gnu++0x";
				CLANG_CXX_LIBRARY = "libc++";
				CLANG_ENABLE_MODULES = YES;
				CLANG_ENABLE_OBJC_ARC = YES;
				CLANG_WARN_BOOL_CONVERSION = YES;
				CLANG_WARN_CONSTANT_CONVERSION = YES;
				CLANG_WARN_DIRECT_OBJC_ISA_USAGE = YES_ERROR;
				CLANG_WARN_EMPTY_BODY = YES;
				CLANG_WARN_ENUM_CONVERSION = YES;
				CLANG_WARN_INT_CONVERSION = YES;
				CLANG_WARN_OBJC_ROOT_CLASS = YES_ERROR;
				CLANG_WARN_UNREACHABLE_CODE = YES;
				CLANG_WARN__DUPLICATE_METHOD_MATCH = YES;
				"CODE_SIGN_IDENTITY[sdk=iphoneos*]" = "iPhone Developer";
				COPY_PHASE_STRIP = NO;
				DEBUG_INFORMATION_FORMAT = dwarf;
				ENABLE_STRICT_OBJC_MSGSEND = YES;
				ENABLE_TESTABILITY = YES;
				GCC_C_LANGUAGE_STANDARD = gnu99;
				GCC_DYNAMIC_NO_PIC = NO;
				GCC_NO_COMMON_BLOCKS = YES;
				GCC_OPTIMIZATION_LEVEL = 0;
				GCC_PREPROCESSOR_DEFINITIONS = (
					"DEBUG=1",
					"$(inherited)",
				);
				GCC_WARN_64_TO_32_BIT_CONVERSION = YES;
				GCC_WARN_ABOUT_RETURN_TYPE = YES_ERROR;
				GCC_WARN_UNDECLARED_SELECTOR = YES;
				GCC_WARN_UNINITIALIZED_AUTOS = YES_AGGRESSIVE;
				GCC_WARN_UNUSED_FUNCTION = YES;
				GCC_WARN_UNUSED_VARIABLE = YES;
				IPHONEOS_DEPLOYMENT_TARGET = 9.1;
				MTL_ENABLE_DEBUG_INFO = YES;
				ONLY_ACTIVE_ARCH = YES;
				SDKROOT = iphoneos;
				SWIFT_OPTIMIZATION_LEVEL = "-Onone";
				TARGETED_DEVICE_FAMILY = "1,2";
			};
			name = Debug;
		};
		BBE20F361BF02B5300880420 /* Release */ = {
			isa = XCBuildConfiguration;
			buildSettings = {
				ALWAYS_SEARCH_USER_PATHS = NO;
				CLANG_CXX_LANGUAGE_STANDARD = "gnu++0x";
				CLANG_CXX_LIBRARY = "libc++";
				CLANG_ENABLE_MODULES = YES;
				CLANG_ENABLE_OBJC_ARC = YES;
				CLANG_WARN_BOOL_CONVERSION = YES;
				CLANG_WARN_CONSTANT_CONVERSION = YES;
				CLANG_WARN_DIRECT_OBJC_ISA_USAGE = YES_ERROR;
				CLANG_WARN_EMPTY_BODY = YES;
				CLANG_WARN_ENUM_CONVERSION = YES;
				CLANG_WARN_INT_CONVERSION = YES;
				CLANG_WARN_OBJC_ROOT_CLASS = YES_ERROR;
				CLANG_WARN_UNREACHABLE_CODE = YES;
				CLANG_WARN__DUPLICATE_METHOD_MATCH = YES;
				"CODE_SIGN_IDENTITY[sdk=iphoneos*]" = "iPhone Developer";
				COPY_PHASE_STRIP = NO;
				DEBUG_INFORMATION_FORMAT = "dwarf-with-dsym";
				ENABLE_NS_ASSERTIONS = NO;
				ENABLE_STRICT_OBJC_MSGSEND = YES;
				GCC_C_LANGUAGE_STANDARD = gnu99;
				GCC_NO_COMMON_BLOCKS = YES;
				GCC_WARN_64_TO_32_BIT_CONVERSION = YES;
				GCC_WARN_ABOUT_RETURN_TYPE = YES_ERROR;
				GCC_WARN_UNDECLARED_SELECTOR = YES;
				GCC_WARN_UNINITIALIZED_AUTOS = YES_AGGRESSIVE;
				GCC_WARN_UNUSED_FUNCTION = YES;
				GCC_WARN_UNUSED_VARIABLE = YES;
				IPHONEOS_DEPLOYMENT_TARGET = 9.1;
				MTL_ENABLE_DEBUG_INFO = NO;
				SDKROOT = iphoneos;
				TARGETED_DEVICE_FAMILY = "1,2";
				VALIDATE_PRODUCT = YES;
			};
			name = Release;
		};
		BBE20F381BF02B5300880420 /* Debug */ = {
			isa = XCBuildConfiguration;
			buildSettings = {
				ASSETCATALOG_COMPILER_APPICON_NAME = AppIcon;
				INFOPLIST_FILE = DynamicAnimator/Info.plist;
				LD_RUNPATH_SEARCH_PATHS = "$(inherited) @executable_path/Frameworks";
				PRODUCT_BUNDLE_IDENTIFIER = com.victorchee.DynamicAnimator;
				PRODUCT_NAME = "$(TARGET_NAME)";
			};
			name = Debug;
		};
		BBE20F391BF02B5300880420 /* Release */ = {
			isa = XCBuildConfiguration;
			buildSettings = {
				ASSETCATALOG_COMPILER_APPICON_NAME = AppIcon;
				INFOPLIST_FILE = DynamicAnimator/Info.plist;
				LD_RUNPATH_SEARCH_PATHS = "$(inherited) @executable_path/Frameworks";
				PRODUCT_BUNDLE_IDENTIFIER = com.victorchee.DynamicAnimator;
				PRODUCT_NAME = "$(TARGET_NAME)";
			};
			name = Release;
		};
/* End XCBuildConfiguration section */

/* Begin XCConfigurationList section */
		BBE20F201BF02B5300880420 /* Build configuration list for PBXProject "DynamicAnimator" */ = {
			isa = XCConfigurationList;
			buildConfigurations = (
				BBE20F351BF02B5300880420 /* Debug */,
				BBE20F361BF02B5300880420 /* Release */,
			);
			defaultConfigurationIsVisible = 0;
			defaultConfigurationName = Release;
		};
		BBE20F371BF02B5300880420 /* Build configuration list for PBXNativeTarget "DynamicAnimator" */ = {
			isa = XCConfigurationList;
			buildConfigurations = (
				BBE20F381BF02B5300880420 /* Debug */,
				BBE20F391BF02B5300880420 /* Release */,
			);
			defaultConfigurationIsVisible = 0;
			defaultConfigurationName = Release;
		};
/* End XCConfigurationList section */
	};
	rootObject = BBE20F1D1BF02B5300880420 /* Project object */;
}
